
Microsoft Visual Studio Solution File, Format Version 12.00
# Visual Studio 2013
VisualStudioVersion = 12.0.30723.0
MinimumVisualStudioVersion = 10.0.40219.1
Project("{FAE04EC0-301F-11D3-BF4B-00C04F79EFBC}") = "MMO.Base", "MMO.Base\MMO.Base.csproj", "{D2957FEB-5A73-4E4D-B9EB-5F6E913F7A6A}"
EndProject
Project("{FAE04EC0-301F-11D3-BF4B-00C04F79EFBC}") = "MMO.Client", "MMO.Client\MMO.Client.csproj", "{AA348F8C-29A5-498E-9FD5-BBCDFC69BB63}"
EndProject
Project("{FAE04EC0-301F-11D3-BF4B-00C04F79EFBC}") = "MMO.Client.Unity", "MMO.Client.Unity\MMO.Client.Unity.csproj", "{82B65B0E-5C9B-4464-89D7-13DF29CCF21B}"
EndProject
Project("{FAE04EC0-301F-11D3-BF4B-00C04F79EFBC}") = "MMO.Data", "MMO.Data\MMO.Data.csproj", "{8BA5ED75-4EDC-4764-8482-3CEFA46132BC}"
EndProject
Project("{FAE04EC0-301F-11D3-BF4B-00C04F79EFBC}") = "MMO.Server", "MMO.Server\MMO.Server.csproj", "{7DCCD09B-94FF-4BAE-A414-F2BF6765A854}"
EndProject
Project("{FAE04EC0-301F-11D3-BF4B-00C04F79EFBC}") = "MMO.Server.Master", "MMO.Server.Master\MMO.Server.Master.csproj", "{9997211D-0FD5-490A-9BEB-2BD70B0FBCE5}"
EndProject
Project("{FAE04EC0-301F-11D3-BF4B-00C04F79EFBC}") = "MMO.Server.Region", "MMO.Server.Region\MMO.Server.Region.csproj", "{B70D92D4-EAF4-471F-8F48-FDD4E0A4277E}"
EndProject
Project("{FAE04EC0-301F-11D3-BF4B-00C04F79EFBC}") = "MMO.Launcher", "MMO.Launcher\MMO.Launcher.csproj", "{226DEB52-37D6-4907-BA1A-5F4F870BC69A}"
EndProject
Project("{FAE04EC0-301F-11D3-BF4B-00C04F79EFBC}") = "MMO.Web", "MMO.Web\MMO.Web.csproj", "{3497A393-7FFD-4F46-9514-05825019CAA7}"
EndProject
Project("{FAE04EC0-301F-11D3-BF4B-00C04F79EFBC}") = "MMO.CJR.Photon", "MMO.CJR.Photon\MMO.CJR.Photon.csproj", "{C7C98D3B-6B8D-442C-8080-9D1A83EE27B0}"
EndProject
Project("{FAE04EC0-301F-11D3-BF4B-00C04F79EFBC}") = "MMO.CJR.Framework", "MMO.CJR.Framework\MMO.CJR.Framework.csproj", "{A567964A-1C1A-4B18-8198-21E8F30B575C}"
EndProject
Project("{2150E333-8FDC-42A3-9474-1A3956D46DE8}") = "Build", "Build", "{A0B097FB-AB24-4608-BD22-B21B33720BD3}"
	ProjectSection(SolutionItems) = preProject
		MMOBuild.proj = MMOBuild.proj
	EndProjectSection
EndProject
Project("{FAE04EC0-301F-11D3-BF4B-00C04F79EFBC}") = "MMO.Build.Tasks", "MMO.Build.Tasks\MMO.Build.Tasks.csproj", "{EEF363FA-C748-43DE-8B5A-9D6EDD1F805F}"
EndProject
Project("{2150E333-8FDC-42A3-9474-1A3956D46DE8}") = "Server", "Server", "{DFEA3384-85D7-4DF4-9229-5E19FCBA7C76}"
EndProject
Project("{2150E333-8FDC-42A3-9474-1A3956D46DE8}") = "Client", "Client", "{B5DBCBB9-F5A9-436F-AD8E-E2E49AB61224}"
EndProject
Project("{2150E333-8FDC-42A3-9474-1A3956D46DE8}") = "Common", "Common", "{6A431E0D-B30A-48E6-911D-6FCACD9C230C}"
EndProject
Project("{2150E333-8FDC-42A3-9474-1A3956D46DE8}") = "Web", "Web", "{40340CF3-0B16-4809-9CDE-36C5A8E1AF3E}"
EndProject
Project("{2150E333-8FDC-42A3-9474-1A3956D46DE8}") = "CJR", "CJR", "{17BE7B8E-A497-4ACF-8970-B359C1C78436}"
EndProject
Project("{FAE04EC0-301F-11D3-BF4B-00C04F79EFBC}") = "MMO.Tests", "MMO.Tests\MMO.Tests.csproj", "{83F167A8-B427-47E3-9F52-81AA6A7DD4BC}"
EndProject
Project("{FAE04EC0-301F-11D3-BF4B-00C04F79EFBC}") = "MMO.Client.Console", "MMO.Client.Console\MMO.Client.Console.csproj", "{2E65A31D-8033-49FB-9A53-2AFF453E8A17}"
EndProject
Global
	GlobalSection(SolutionConfigurationPlatforms) = preSolution
		Debug|Any CPU = Debug|Any CPU
		Debug-Herki|Any CPU = Debug-Herki|Any CPU
		Release|Any CPU = Release|Any CPU
	EndGlobalSection
	GlobalSection(ProjectConfigurationPlatforms) = postSolution
		{D2957FEB-5A73-4E4D-B9EB-5F6E913F7A6A}.Debug|Any CPU.ActiveCfg = Debug|Any CPU
		{D2957FEB-5A73-4E4D-B9EB-5F6E913F7A6A}.Debug|Any CPU.Build.0 = Debug|Any CPU
		{D2957FEB-5A73-4E4D-B9EB-5F6E913F7A6A}.Debug-Herki|Any CPU.ActiveCfg = Debug|Any CPU
		{D2957FEB-5A73-4E4D-B9EB-5F6E913F7A6A}.Debug-Herki|Any CPU.Build.0 = Debug|Any CPU
		{D2957FEB-5A73-4E4D-B9EB-5F6E913F7A6A}.Release|Any CPU.ActiveCfg = Release|Any CPU
		{D2957FEB-5A73-4E4D-B9EB-5F6E913F7A6A}.Release|Any CPU.Build.0 = Release|Any CPU
		{AA348F8C-29A5-498E-9FD5-BBCDFC69BB63}.Debug|Any CPU.ActiveCfg = Debug|Any CPU
		{AA348F8C-29A5-498E-9FD5-BBCDFC69BB63}.Debug|Any CPU.Build.0 = Debug|Any CPU
		{AA348F8C-29A5-498E-9FD5-BBCDFC69BB63}.Debug-Herki|Any CPU.ActiveCfg = Debug|Any CPU
		{AA348F8C-29A5-498E-9FD5-BBCDFC69BB63}.Debug-Herki|Any CPU.Build.0 = Debug|Any CPU
		{AA348F8C-29A5-498E-9FD5-BBCDFC69BB63}.Release|Any CPU.ActiveCfg = Release|Any CPU
		{AA348F8C-29A5-498E-9FD5-BBCDFC69BB63}.Release|Any CPU.Build.0 = Release|Any CPU
		{82B65B0E-5C9B-4464-89D7-13DF29CCF21B}.Debug|Any CPU.ActiveCfg = Debug|Any CPU
		{82B65B0E-5C9B-4464-89D7-13DF29CCF21B}.Debug|Any CPU.Build.0 = Debug|Any CPU
		{82B65B0E-5C9B-4464-89D7-13DF29CCF21B}.Debug-Herki|Any CPU.ActiveCfg = Debug|Any CPU
		{82B65B0E-5C9B-4464-89D7-13DF29CCF21B}.Debug-Herki|Any CPU.Build.0 = Debug|Any CPU
		{82B65B0E-5C9B-4464-89D7-13DF29CCF21B}.Release|Any CPU.ActiveCfg = Release|Any CPU
		{82B65B0E-5C9B-4464-89D7-13DF29CCF21B}.Release|Any CPU.Build.0 = Release|Any CPU
		{8BA5ED75-4EDC-4764-8482-3CEFA46132BC}.Debug|Any CPU.ActiveCfg = Debug|Any CPU
		{8BA5ED75-4EDC-4764-8482-3CEFA46132BC}.Debug|Any CPU.Build.0 = Debug|Any CPU
		{8BA5ED75-4EDC-4764-8482-3CEFA46132BC}.Debug-Herki|Any CPU.ActiveCfg = Debug|Any CPU
		{8BA5ED75-4EDC-4764-8482-3CEFA46132BC}.Debug-Herki|Any CPU.Build.0 = Debug|Any CPU
		{8BA5ED75-4EDC-4764-8482-3CEFA46132BC}.Release|Any CPU.ActiveCfg = Release|Any CPU
		{8BA5ED75-4EDC-4764-8482-3CEFA46132BC}.Release|Any CPU.Build.0 = Release|Any CPU
		{7DCCD09B-94FF-4BAE-A414-F2BF6765A854}.Debug|Any CPU.ActiveCfg = Debug|Any CPU
		{7DCCD09B-94FF-4BAE-A414-F2BF6765A854}.Debug|Any CPU.Build.0 = Debug|Any CPU
		{7DCCD09B-94FF-4BAE-A414-F2BF6765A854}.Debug-Herki|Any CPU.ActiveCfg = Debug|Any CPU
		{7DCCD09B-94FF-4BAE-A414-F2BF6765A854}.Debug-Herki|Any CPU.Build.0 = Debug|Any CPU
		{7DCCD09B-94FF-4BAE-A414-F2BF6765A854}.Release|Any CPU.ActiveCfg = Release|Any CPU
		{7DCCD09B-94FF-4BAE-A414-F2BF6765A854}.Release|Any CPU.Build.0 = Release|Any CPU
		{9997211D-0FD5-490A-9BEB-2BD70B0FBCE5}.Debug|Any CPU.ActiveCfg = Debug|Any CPU
		{9997211D-0FD5-490A-9BEB-2BD70B0FBCE5}.Debug|Any CPU.Build.0 = Debug|Any CPU
		{9997211D-0FD5-490A-9BEB-2BD70B0FBCE5}.Debug-Herki|Any CPU.ActiveCfg = Debug-Herki|Any CPU
		{9997211D-0FD5-490A-9BEB-2BD70B0FBCE5}.Debug-Herki|Any CPU.Build.0 = Debug-Herki|Any CPU
		{9997211D-0FD5-490A-9BEB-2BD70B0FBCE5}.Release|Any CPU.ActiveCfg = Release|Any CPU
		{9997211D-0FD5-490A-9BEB-2BD70B0FBCE5}.Release|Any CPU.Build.0 = Release|Any CPU
		{B70D92D4-EAF4-471F-8F48-FDD4E0A4277E}.Debug|Any CPU.ActiveCfg = Debug|Any CPU
		{B70D92D4-EAF4-471F-8F48-FDD4E0A4277E}.Debug|Any CPU.Build.0 = Debug|Any CPU
		{B70D92D4-EAF4-471F-8F48-FDD4E0A4277E}.Debug-Herki|Any CPU.ActiveCfg = Debug-Herki|Any CPU
		{B70D92D4-EAF4-471F-8F48-FDD4E0A4277E}.Debug-Herki|Any CPU.Build.0 = Debug-Herki|Any CPU
		{B70D92D4-EAF4-471F-8F48-FDD4E0A4277E}.Release|Any CPU.ActiveCfg = Release|Any CPU
		{B70D92D4-EAF4-471F-8F48-FDD4E0A4277E}.Release|Any CPU.Build.0 = Release|Any CPU
		{226DEB52-37D6-4907-BA1A-5F4F870BC69A}.Debug|Any CPU.ActiveCfg = Debug|Any CPU
		{226DEB52-37D6-4907-BA1A-5F4F870BC69A}.Debug|Any CPU.Build.0 = Debug|Any CPU
		{226DEB52-37D6-4907-BA1A-5F4F870BC69A}.Debug-Herki|Any CPU.ActiveCfg = Debug|Any CPU
		{226DEB52-37D6-4907-BA1A-5F4F870BC69A}.Debug-Herki|Any CPU.Build.0 = Debug|Any CPU
		{226DEB52-37D6-4907-BA1A-5F4F870BC69A}.Release|Any CPU.ActiveCfg = Release|Any CPU
		{226DEB52-37D6-4907-BA1A-5F4F870BC69A}.Release|Any CPU.Build.0 = Release|Any CPU
		{3497A393-7FFD-4F46-9514-05825019CAA7}.Debug|Any CPU.ActiveCfg = Debug|Any CPU
		{3497A393-7FFD-4F46-9514-05825019CAA7}.Debug|Any CPU.Build.0 = Debug|Any CPU
		{3497A393-7FFD-4F46-9514-05825019CAA7}.Debug-Herki|Any CPU.ActiveCfg = Debug|Any CPU
		{3497A393-7FFD-4F46-9514-05825019CAA7}.Debug-Herki|Any CPU.Build.0 = Debug|Any CPU
		{3497A393-7FFD-4F46-9514-05825019CAA7}.Release|Any CPU.ActiveCfg = Release|Any CPU
		{3497A393-7FFD-4F46-9514-05825019CAA7}.Release|Any CPU.Build.0 = Release|Any CPU
		{C7C98D3B-6B8D-442C-8080-9D1A83EE27B0}.Debug|Any CPU.ActiveCfg = Debug|Any CPU
		{C7C98D3B-6B8D-442C-8080-9D1A83EE27B0}.Debug|Any CPU.Build.0 = Debug|Any CPU
		{C7C98D3B-6B8D-442C-8080-9D1A83EE27B0}.Debug-Herki|Any CPU.ActiveCfg = Debug|Any CPU
		{C7C98D3B-6B8D-442C-8080-9D1A83EE27B0}.Debug-Herki|Any CPU.Build.0 = Debug|Any CPU
		{C7C98D3B-6B8D-442C-8080-9D1A83EE27B0}.Release|Any CPU.ActiveCfg = Release|Any CPU
		{C7C98D3B-6B8D-442C-8080-9D1A83EE27B0}.Release|Any CPU.Build.0 = Release|Any CPU
		{A567964A-1C1A-4B18-8198-21E8F30B575C}.Debug|Any CPU.ActiveCfg = Debug|Any CPU
		{A567964A-1C1A-4B18-8198-21E8F30B575C}.Debug|Any CPU.Build.0 = Debug|Any CPU
		{A567964A-1C1A-4B18-8198-21E8F30B575C}.Debug-Herki|Any CPU.ActiveCfg = Debug|Any CPU
		{A567964A-1C1A-4B18-8198-21E8F30B575C}.Debug-Herki|Any CPU.Build.0 = Debug|Any CPU
		{A567964A-1C1A-4B18-8198-21E8F30B575C}.Release|Any CPU.ActiveCfg = Release|Any CPU
		{A567964A-1C1A-4B18-8198-21E8F30B575C}.Release|Any CPU.Build.0 = Release|Any CPU
		{EEF363FA-C748-43DE-8B5A-9D6EDD1F805F}.Debug|Any CPU.ActiveCfg = Debug|Any CPU
		{EEF363FA-C748-43DE-8B5A-9D6EDD1F805F}.Debug|Any CPU.Build.0 = Debug|Any CPU
		{EEF363FA-C748-43DE-8B5A-9D6EDD1F805F}.Debug-Herki|Any CPU.ActiveCfg = Debug|Any CPU
		{EEF363FA-C748-43DE-8B5A-9D6EDD1F805F}.Debug-Herki|Any CPU.Build.0 = Debug|Any CPU
		{EEF363FA-C748-43DE-8B5A-9D6EDD1F805F}.Release|Any CPU.ActiveCfg = Release|Any CPU
		{EEF363FA-C748-43DE-8B5A-9D6EDD1F805F}.Release|Any CPU.Build.0 = Release|Any CPU
		{83F167A8-B427-47E3-9F52-81AA6A7DD4BC}.Debug|Any CPU.ActiveCfg = Debug|Any CPU
		{83F167A8-B427-47E3-9F52-81AA6A7DD4BC}.Debug|Any CPU.Build.0 = Debug|Any CPU
		{83F167A8-B427-47E3-9F52-81AA6A7DD4BC}.Debug-Herki|Any CPU.ActiveCfg = Debug|Any CPU
		{83F167A8-B427-47E3-9F52-81AA6A7DD4BC}.Debug-Herki|Any CPU.Build.0 = Debug|Any CPU
		{83F167A8-B427-47E3-9F52-81AA6A7DD4BC}.Release|Any CPU.ActiveCfg = Release|Any CPU
		{83F167A8-B427-47E3-9F52-81AA6A7DD4BC}.Release|Any CPU.Build.0 = Release|Any CPU
		{2E65A31D-8033-49FB-9A53-2AFF453E8A17}.Debug|Any CPU.ActiveCfg = Debug|Any CPU
		{2E65A31D-8033-49FB-9A53-2AFF453E8A17}.Debug|Any CPU.Build.0 = Debug|Any CPU
		{2E65A31D-8033-49FB-9A53-2AFF453E8A17}.Debug-Herki|Any CPU.ActiveCfg = Debug|Any CPU
		{2E65A31D-8033-49FB-9A53-2AFF453E8A17}.Debug-Herki|Any CPU.Build.0 = Debug|Any CPU
		{2E65A31D-8033-49FB-9A53-2AFF453E8A17}.Release|Any CPU.ActiveCfg = Release|Any CPU
		{2E65A31D-8033-49FB-9A53-2AFF453E8A17}.Release|Any CPU.Build.0 = Release|Any CPU
	EndGlobalSection
	GlobalSection(SolutionProperties) = preSolution
		HideSolutionNode = FALSE
	EndGlobalSection
	GlobalSection(NestedProjects) = preSolution
		{D2957FEB-5A73-4E4D-B9EB-5F6E913F7A6A} = {6A431E0D-B30A-48E6-911D-6FCACD9C230C}
		{AA348F8C-29A5-498E-9FD5-BBCDFC69BB63} = {B5DBCBB9-F5A9-436F-AD8E-E2E49AB61224}
		{82B65B0E-5C9B-4464-89D7-13DF29CCF21B} = {B5DBCBB9-F5A9-436F-AD8E-E2E49AB61224}
		{8BA5ED75-4EDC-4764-8482-3CEFA46132BC} = {6A431E0D-B30A-48E6-911D-6FCACD9C230C}
		{7DCCD09B-94FF-4BAE-A414-F2BF6765A854} = {DFEA3384-85D7-4DF4-9229-5E19FCBA7C76}
		{9997211D-0FD5-490A-9BEB-2BD70B0FBCE5} = {DFEA3384-85D7-4DF4-9229-5E19FCBA7C76}
		{B70D92D4-EAF4-471F-8F48-FDD4E0A4277E} = {DFEA3384-85D7-4DF4-9229-5E19FCBA7C76}
		{226DEB52-37D6-4907-BA1A-5F4F870BC69A} = {B5DBCBB9-F5A9-436F-AD8E-E2E49AB61224}
		{3497A393-7FFD-4F46-9514-05825019CAA7} = {40340CF3-0B16-4809-9CDE-36C5A8E1AF3E}
		{C7C98D3B-6B8D-442C-8080-9D1A83EE27B0} = {17BE7B8E-A497-4ACF-8970-B359C1C78436}
		{A567964A-1C1A-4B18-8198-21E8F30B575C} = {17BE7B8E-A497-4ACF-8970-B359C1C78436}
		{EEF363FA-C748-43DE-8B5A-9D6EDD1F805F} = {A0B097FB-AB24-4608-BD22-B21B33720BD3}
		{2E65A31D-8033-49FB-9A53-2AFF453E8A17} = {B5DBCBB9-F5A9-436F-AD8E-E2E49AB61224}
	EndGlobalSection
EndGlobal
